# This file is automatically @generated by Poetry 2.5.1 and should not be changed by hand.

[[package]]
name = "tabulate"
version = "0.10.0"
description = "Pretty-print tabular data"
optional = false
python-versions = ">=3.10"
groups = ["main"]
files = [
    {file = "tabulate-0.10.0-py3-none-any.whl", hash = "sha256:f0b0622e567335c8fabaaa659f1b33bcb6ddfe2e496071b743aa113f8774f2d3"},
    {file = "tabulate-0.10.0.tar.gz", hash = "sha256:e2cfde8f79420f6deeffdeda9aaec3b6bc5abce947655d17ac662b126e48a60d"},
]

[package.extras]
widechars = ["wcwidth"]

[metadata]
lock-version = "2.1"
python-versions = ">=3.12"
content-hash = "e616f428a0233ae7ed6eb0bc687280a7fd8a5ef818b1b38c27d2f954359c6ab0"
