# This file is automatically @generated by Poetry 2.5.1 and should not be changed by hand.

[[package]]
name = "faker"
version = "40.39.0"
description = "Faker is a Python package that generates fake data for you."
optional = false
python-versions = ">=3.10"
groups = ["main"]
files = [
    {file = "faker-40.39.0-py3-none-any.whl", hash = "sha256:c4c7ec2cddfaf602c5a8a2c960614946aa8c161250bd9d49a8846cd24d1ef028"},
    {file = "faker-40.39.0.tar.gz", hash = "sha256:52799ad96fcf92aab2fc96a9e03869bbf1a634300f7cd91c38dbfd51f639f6fa"},
]

[package.dependencies]
tzdata = {version = "*", markers = "platform_system == \"Windows\""}

[package.extras]
image = ["pillow"]
tzdata = ["tzdata"]

[[package]]
name = "humanize"
version = "4.16.0"
description = "Python humanize utilities"
optional = false
python-versions = ">=3.10"
groups = ["main"]
files = [
    {file = "humanize-4.16.0-py3-none-any.whl", hash = "sha256:353eb2f34c09d098b2880eee8bef21832eae6d174f48c5762fff7e5fcb74d01d"},
    {file = "humanize-4.16.0.tar.gz", hash = "sha256:7dc2244a2f84a4bfb1d36c37bac80cd78e35cdc5c119206d87b018e1445f3a3f"},
]

[package.extras]
tests = ["freezegun", "pytest (>=9)", "pytest-benchmark", "pytest-codspeed", "pytest-cov"]

[[package]]
name = "tzdata"
version = "2026.4"
description = "Provider of IANA time zone data"
optional = false
python-versions = ">=2"
groups = ["main"]
markers = "platform_system == \"Windows\""
files = [
    {file = "tzdata-2026.4-py2.py3-none-any.whl", hash = "sha256:c2169a8b0a7a5e9674da5a135ccdfb2b3e671b333ed9fed17b41f73c34476e81"},
    {file = "tzdata-2026.4.tar.gz", hash = "sha256:f1b8bd365d8d210c55353f4d7f8d6d8561c0ba50d704b700d195a9424bba0d79"},
]

[metadata]
lock-version = "2.1"
python-versions = ">=3.12"
content-hash = "41aeeb7fb13078f4997a1f8ad2b572f49a0111918cc9a75dc3f3c2cc96dbb278"
